{
  "name": "deployment",
  "version": "1.0.0",
  "lockfileVersion": 2,
  "requires": true,
  "packages": {
    "": {
      "name": "deployment",
      "version": "1.0.0",
      "license": "ISC",
      "devDependencies": {
        "@pnp/nodejs": "^3.13.0",
        "@pnp/sp": "^3.13.0"
      }
    },
    "node_modules/@azure/msal-common": {
      "version": "11.0.0",
      "resolved": "https://registry.npmjs.org/@azure/msal-common/-/msal-common-11.0.0.tgz",
      "integrity": "sha512-SZH8ObQ3Hq5v3ogVGBYJp1nNW7p+MtM4PH4wfNadBP9wf7K0beQHF9iOtRcjPOkwZf+ZD49oXqw91LndIkdk8g==",
      "dev": true,
      "engines": {
        "node": ">=0.8.0"
      }
    },
    "node_modules/@azure/msal-node": {
      "version": "1.16.0",
      "resolved": "https://registry.npmjs.org/@azure/msal-node/-/msal-node-1.16.0.tgz",
      "integrity": "sha512-eGXPp65i++mAIvziafbCH970TCeECB6iaQP7aRzZEjtU238cW4zKm40U8YxkiCn9rR1G2VeMHENB5h6WRk7ZCQ==",
      "dev": true,
      "dependencies": {
        "@azure/msal-common": "^11.0.0",
        "jsonwebtoken": "^9.0.0",
        "uuid": "^8.3.0"
      },
      "engines": {
        "node": "10 || 12 || 14 || 16 || 18"
      }
    },
    "node_modules/@microsoft/microsoft-graph-types": {
      "version": "2.26.0",
      "resolved": "https://registry.npmjs.org/@microsoft/microsoft-graph-types/-/microsoft-graph-types-2.26.0.tgz",
      "integrity": "sha512-ABYHb80BRF5Sjo1CdbRdZpI4O0Jal85XVAGmTfnpSMOjUZi0HkESHP+oajVsPSQJyRTjEKrbneUC2qheBBdQGg==",
      "dev": true
    },
    "node_modules/@pnp/core": {
      "version": "3.13.0",
      "resolved": "https://registry.npmjs.org/@pnp/core/-/core-3.13.0.tgz",
      "integrity": "sha512-BYOV08daCoH8x36z3MVP7kkjyaKBHWccvkwjjMV7CdRYnFaUQfUnqWPgM8KFzoHIQEH7pGKZmay4Dhlh85abmw==",
      "dev": true,
      "dependencies": {
        "tslib": "2.4.1"
      },
      "engines": {
        "node": ">=14.15.1"
      },
      "funding": {
        "type": "individual",
        "url": "https://github.com/sponsors/patrick-rodgers/"
      }
    },
    "node_modules/@pnp/graph": {
      "version": "3.13.0",
      "resolved": "https://registry.npmjs.org/@pnp/graph/-/graph-3.13.0.tgz",
      "integrity": "sha512-DPsSIoqbxyWAoaRl7r3IFxzu51SBH3SWtKEO5aH+Cx2hRcDfbZ2q6H9YVAk0I80diHfrvsvaTROmUU7wX/T5fA==",
      "dev": true,
      "hasInstallScript": true,
      "dependencies": {
        "@microsoft/microsoft-graph-types": "2.26.0",
        "@pnp/core": "3.13.0",
        "@pnp/queryable": "3.13.0",
        "tslib": "2.4.1"
      },
      "engines": {
        "node": ">=14.15.1"
      },
      "funding": {
        "type": "individual",
        "url": "https://github.com/sponsors/patrick-rodgers/"
      }
    },
    "node_modules/@pnp/logging": {
      "version": "3.13.0",
      "resolved": "https://registry.npmjs.org/@pnp/logging/-/logging-3.13.0.tgz",
      "integrity": "sha512-2H+cWBPeHvh5uFHfhBlkY1W990uM0xy9sTJ4u/P2Qpt1lLg9Pypdv8BQvG+F2dRWSYeFi6oOHkCypsNkWCQRuQ==",
      "dev": true,
      "dependencies": {
        "tslib": "2.4.1"
      },
      "engines": {
        "node": ">=14.15.1"
      },
      "funding": {
        "type": "individual",
        "url": "https://github.com/sponsors/patrick-rodgers/"
      }
    },
    "node_modules/@pnp/nodejs": {
      "version": "3.13.0",
      "resolved": "https://registry.npmjs.org/@pnp/nodejs/-/nodejs-3.13.0.tgz",
      "integrity": "sha512-M0OA/6vSOUpLZiHJQdpcGJ4qwT5+wg3x/uCILwNj4WsqXQi5pebWB+sWhcDsXDwPQdWq+HaQXwGBxBHceQtvyw==",
      "dev": true,
      "dependencies": {
        "@azure/msal-node": "1.16.0",
        "@pnp/core": "3.13.0",
        "@pnp/graph": "3.13.0",
        "@pnp/logging": "3.13.0",
        "@pnp/queryable": "3.13.0",
        "@pnp/sp": "3.13.0",
        "node-fetch": "3.3.0",
        "tslib": "2.4.1"
      },
      "engines": {
        "node": ">=14.15.1"
      },
      "funding": {
        "type": "individual",
        "url": "https://github.com/sponsors/patrick-rodgers/"
      }
    },
    "node_modules/@pnp/queryable": {
      "version": "3.13.0",
      "resolved": "https://registry.npmjs.org/@pnp/queryable/-/queryable-3.13.0.tgz",
      "integrity": "sha512-MxdWF+uYMzAP6o/9GHr4rVruLyvBmJ49T8O3hxKgsZfZyVOjk8ckMBTH3XSG+oK2ZnrLOpz0wsFk3Cgq2RVHrw==",
      "dev": true,
      "dependencies": {
        "@pnp/core": "3.13.0",
        "tslib": "2.4.1"
      },
      "engines": {
        "node": ">=14.15.1"
      },
      "funding": {
        "type": "individual",
        "url": "https://github.com/sponsors/patrick-rodgers/"
      }
    },
    "node_modules/@pnp/sp": {
      "version": "3.13.0",
      "resolved": "https://registry.npmjs.org/@pnp/sp/-/sp-3.13.0.tgz",
      "integrity": "sha512-GYrBMxdhAiJd08XLMzydoyqCNlIL8kr3/C7wLHNfX0yliXSJvDk+EFX46fB35PXTnK9I1FEWx1Zs+DpC6t1Fgw==",
      "dev": true,
      "hasInstallScript": true,
      "dependencies": {
        "@pnp/core": "3.13.0",
        "@pnp/queryable": "3.13.0",
        "tslib": "2.4.1"
      },
      "engines": {
        "node": ">=14.15.1"
      },
      "funding": {
        "type": "individual",
        "url": "https://github.com/sponsors/patrick-rodgers/"
      }
    },
    "node_modules/buffer-equal-constant-time": {
      "version": "1.0.1",
      "resolved": "https://registry.npmjs.org/buffer-equal-constant-time/-/buffer-equal-constant-time-1.0.1.tgz",
      "integrity": "sha512-zRpUiDwd/xk6ADqPMATG8vc9VPrkck7T07OIx0gnjmJAnHnTVXNQG3vfvWNuiZIkwu9KrKdA1iJKfsfTVxE6NA==",
      "dev": true
    },
    "node_modules/data-uri-to-buffer": {
      "version": "4.0.1",
      "resolved": "https://registry.npmjs.org/data-uri-to-buffer/-/data-uri-to-buffer-4.0.1.tgz",
      "integrity": "sha512-0R9ikRb668HB7QDxT1vkpuUBtqc53YyAwMwGeUFKRojY/NWKvdZ+9UYtRfGmhqNbRkTSVpMbmyhXipFFv2cb/A==",
      "dev": true,
      "engines": {
        "node": ">= 12"
      }
    },
    "node_modules/ecdsa-sig-formatter": {
      "version": "1.0.11",
      "resolved": "https://registry.npmjs.org/ecdsa-sig-formatter/-/ecdsa-sig-formatter-1.0.11.tgz",
      "integrity": "sha512-nagl3RYrbNv6kQkeJIpt6NJZy8twLB/2vtz6yN9Z4vRKHN4/QZJIEbqohALSgwKdnksuY3k5Addp5lg8sVoVcQ==",
      "dev": true,
      "dependencies": {
        "safe-buffer": "^5.0.1"
      }
    },
    "node_modules/fetch-blob": {
      "version": "3.2.0",
      "resolved": "https://registry.npmjs.org/fetch-blob/-/fetch-blob-3.2.0.tgz",
      "integrity": "sha512-7yAQpD2UMJzLi1Dqv7qFYnPbaPx7ZfFK6PiIxQ4PfkGPyNyl2Ugx+a/umUonmKqjhM4DnfbMvdX6otXq83soQQ==",
      "dev": true,
      "funding": [
        {
          "type": "github",
          "url": "https://github.com/sponsors/jimmywarting"
        },
        {
          "type": "paypal",
          "url": "https://paypal.me/jimmywarting"
        }
      ],
      "dependencies": {
        "node-domexception": "^1.0.0",
        "web-streams-polyfill": "^3.0.3"
      },
      "engines": {
        "node": "^12.20 || >= 14.13"
      }
    },
    "node_modules/formdata-polyfill": {
      "version": "4.0.10",
      "resolved": "https://registry.npmjs.org/formdata-polyfill/-/formdata-polyfill-4.0.10.tgz",
      "integrity": "sha512-buewHzMvYL29jdeQTVILecSaZKnt/RJWjoZCF5OW60Z67/GmSLBkOFM7qh1PI3zFNtJbaZL5eQu1vLfazOwj4g==",
      "dev": true,
      "dependencies": {
        "fetch-blob": "^3.1.2"
      },
      "engines": {
        "node": ">=12.20.0"
      }
    },
    "node_modules/jsonwebtoken": {
      "version": "9.0.0",
      "resolved": "https://registry.npmjs.org/jsonwebtoken/-/jsonwebtoken-9.0.0.tgz",
      "integrity": "sha512-tuGfYXxkQGDPnLJ7SibiQgVgeDgfbPq2k2ICcbgqW8WxWLBAxKQM/ZCu/IT8SOSwmaYl4dpTFCW5xZv7YbbWUw==",
      "dev": true,
      "dependencies": {
        "jws": "^3.2.2",
        "lodash": "^4.17.21",
        "ms": "^2.1.1",
        "semver": "^7.3.8"
      },
      "engines": {
        "node": ">=12",
        "npm": ">=6"
      }
    },
    "node_modules/jwa": {
      "version": "1.4.1",
      "resolved": "https://registry.npmjs.org/jwa/-/jwa-1.4.1.tgz",
      "integrity": "sha512-qiLX/xhEEFKUAJ6FiBMbes3w9ATzyk5W7Hvzpa/SLYdxNtng+gcurvrI7TbACjIXlsJyr05/S1oUhZrc63evQA==",
      "dev": true,
      "dependencies": {
        "buffer-equal-constant-time": "1.0.1",
        "ecdsa-sig-formatter": "1.0.11",
        "safe-buffer": "^5.0.1"
      }
    },
    "node_modules/jws": {
      "version": "3.2.2",
      "resolved": "https://registry.npmjs.org/jws/-/jws-3.2.2.tgz",
      "integrity": "sha512-YHlZCB6lMTllWDtSPHz/ZXTsi8S00usEV6v1tjq8tOUZzw7DpSDWVXjXDre6ed1w/pd495ODpHZYSdkRTsa0HA==",
      "dev": true,
      "dependencies": {
        "jwa": "^1.4.1",
        "safe-buffer": "^5.0.1"
      }
    },
    "node_modules/lodash": {
      "version": "4.17.21",
      "resolved": "https://registry.npmjs.org/lodash/-/lodash-4.17.21.tgz",
      "integrity": "sha512-v2kDEe57lecTulaDIuNTPy3Ry4gLGJ6Z1O3vE1krgXZNrsQ+LFTGHVxVjcXPs17LhbZVGedAJv8XZ1tvj5FvSg==",
      "dev": true
    },
    "node_modules/lru-cache": {
      "version": "6.0.0",
      "resolved": "https://registry.npmjs.org/lru-cache/-/lru-cache-6.0.0.tgz",
      "integrity": "sha512-Jo6dJ04CmSjuznwJSS3pUeWmd/H0ffTlkXXgwZi+eq1UCmqQwCh+eLsYOYCwY991i2Fah4h1BEMCx4qThGbsiA==",
      "dev": true,
      "dependencies": {
        "yallist": "^4.0.0"
      },
      "engines": {
        "node": ">=10"
      }
    },
    "node_modules/ms": {
      "version": "2.1.3",
      "resolved": "https://registry.npmjs.org/ms/-/ms-2.1.3.tgz",
      "integrity": "sha512-6FlzubTLZG3J2a/NVCAleEhjzq5oxgHyaCU9yYXvcLsvoVaHJq/s5xXI6/XXP6tz7R9xAOtHnSO/tXtF3WRTlA==",
      "dev": true
    },
    "node_modules/node-domexception": {
      "version": "1.0.0",
      "resolved": "https://registry.npmjs.org/node-domexception/-/node-domexception-1.0.0.tgz",
      "integrity": "sha512-/jKZoMpw0F8GRwl4/eLROPA3cfcXtLApP0QzLmUT/HuPCZWyB7IY9ZrMeKw2O/nFIqPQB3PVM9aYm0F312AXDQ==",
      "dev": true,
      "funding": [
        {
          "type": "github",
          "url": "https://github.com/sponsors/jimmywarting"
        },
        {
          "type": "github",
          "url": "https://paypal.me/jimmywarting"
        }
      ],
      "engines": {
        "node": ">=10.5.0"
      }
    },
    "node_modules/node-fetch": {
      "version": "3.3.0",
      "resolved": "https://registry.npmjs.org/node-fetch/-/node-fetch-3.3.0.tgz",
      "integrity": "sha512-BKwRP/O0UvoMKp7GNdwPlObhYGB5DQqwhEDQlNKuoqwVYSxkSZCSbHjnFFmUEtwSKRPU4kNK8PbDYYitwaE3QA==",
      "dev": true,
      "dependencies": {
        "data-uri-to-buffer": "^4.0.0",
        "fetch-blob": "^3.1.4",
        "formdata-polyfill": "^4.0.10"
      },
      "engines": {
        "node": "^12.20.0 || ^14.13.1 || >=16.0.0"
      },
      "funding": {
        "type": "opencollective",
        "url": "https://opencollective.com/node-fetch"
      }
    },
    "node_modules/safe-buffer": {
      "version": "5.2.1",
      "resolved": "https://registry.npmjs.org/safe-buffer/-/safe-buffer-5.2.1.tgz",
      "integrity": "sha512-rp3So07KcdmmKbGvgaNxQSJr7bGVSVk5S9Eq1F+ppbRo70+YeaDxkw5Dd8NPN+GD6bjnYm2VuPuCXmpuYvmCXQ==",
      "dev": true,
      "funding": [
        {
          "type": "github",
          "url": "https://github.com/sponsors/feross"
        },
        {
          "type": "patreon",
          "url": "https://www.patreon.com/feross"
        },
        {
          "type": "consulting",
          "url": "https://feross.org/support"
        }
      ]
    },
    "node_modules/semver": {
      "version": "7.3.8",
      "resolved": "https://registry.npmjs.org/semver/-/semver-7.3.8.tgz",
      "integrity": "sha512-NB1ctGL5rlHrPJtFDVIVzTyQylMLu9N9VICA6HSFJo8MCGVTMW6gfpicwKmmK/dAjTOrqu5l63JJOpDSrAis3A==",
      "dev": true,
      "dependencies": {
        "lru-cache": "^6.0.0"
      },
      "bin": {
        "semver": "bin/semver.js"
      },
      "engines": {
        "node": ">=10"
      }
    },
    "node_modules/tslib": {
      "version": "2.4.1",
      "resolved": "https://registry.npmjs.org/tslib/-/tslib-2.4.1.tgz",
      "integrity": "sha512-tGyy4dAjRIEwI7BzsB0lynWgOpfqjUdq91XXAlIWD2OwKBH7oCl/GZG/HT4BOHrTlPMOASlMQ7veyTqpmRcrNA==",
      "dev": true
    },
    "node_modules/uuid": {
      "version": "8.3.2",
      "resolved": "https://registry.npmjs.org/uuid/-/uuid-8.3.2.tgz",
      "integrity": "sha512-+NYs2QeMWy+GWFOEm9xnn6HCDp0l7QBD7ml8zLUmJ+93Q5NF0NocErnwkTkXVFNiX3/fpC6afS8Dhb/gz7R7eg==",
      "dev": true,
      "bin": {
        "uuid": "dist/bin/uuid"
      }
    },
    "node_modules/web-streams-polyfill": {
      "version": "3.2.1",
      "resolved": "https://registry.npmjs.org/web-streams-polyfill/-/web-streams-polyfill-3.2.1.tgz",
      "integrity": "sha512-e0MO3wdXWKrLbL0DgGnUV7WHVuw9OUvL4hjgnPkIeEvESk74gAITi5G606JtZPp39cd8HA9VQzCIvA49LpPN5Q==",
      "dev": true,
      "engines": {
        "node": ">= 8"
      }
    },
    "node_modules/yallist": {
      "version": "4.0.0",
      "resolved": "https://registry.npmjs.org/yallist/-/yallist-4.0.0.tgz",
      "integrity": "sha512-3wdGidZyq5PB084XLES5TpOSRA3wjXAlIWMhum2kRcv/41Sn2emQ0dycQW4uZXLejwKvg6EsvbdlVL+FYEct7A==",
      "dev": true
    }
  },
  "dependencies": {
    "@azure/msal-common": {
      "version": "11.0.0",
      "resolved": "https://registry.npmjs.org/@azure/msal-common/-/msal-common-11.0.0.tgz",
      "integrity": "sha512-SZH8ObQ3Hq5v3ogVGBYJp1nNW7p+MtM4PH4wfNadBP9wf7K0beQHF9iOtRcjPOkwZf+ZD49oXqw91LndIkdk8g==",
      "dev": true
    },
    "@azure/msal-node": {
      "version": "1.16.0",
      "resolved": "https://registry.npmjs.org/@azure/msal-node/-/msal-node-1.16.0.tgz",
      "integrity": "sha512-eGXPp65i++mAIvziafbCH970TCeECB6iaQP7aRzZEjtU238cW4zKm40U8YxkiCn9rR1G2VeMHENB5h6WRk7ZCQ==",
      "dev": true,
      "requires": {
        "@azure/msal-common": "^11.0.0",
        "jsonwebtoken": "^9.0.0",
        "uuid": "^8.3.0"
      }
    },
    "@microsoft/microsoft-graph-types": {
      "version": "2.26.0",
      "resolved": "https://registry.npmjs.org/@microsoft/microsoft-graph-types/-/microsoft-graph-types-2.26.0.tgz",
      "integrity": "sha512-ABYHb80BRF5Sjo1CdbRdZpI4O0Jal85XVAGmTfnpSMOjUZi0HkESHP+oajVsPSQJyRTjEKrbneUC2qheBBdQGg==",
      "dev": true
    },
    "@pnp/core": {
      "version": "3.13.0",
      "resolved": "https://registry.npmjs.org/@pnp/core/-/core-3.13.0.tgz",
      "integrity": "sha512-BYOV08daCoH8x36z3MVP7kkjyaKBHWccvkwjjMV7CdRYnFaUQfUnqWPgM8KFzoHIQEH7pGKZmay4Dhlh85abmw==",
      "dev": true,
      "requires": {
        "tslib": "2.4.1"
      }
    },
    "@pnp/graph": {
      "version": "3.13.0",
      "resolved": "https://registry.npmjs.org/@pnp/graph/-/graph-3.13.0.tgz",
      "integrity": "sha512-DPsSIoqbxyWAoaRl7r3IFxzu51SBH3SWtKEO5aH+Cx2hRcDfbZ2q6H9YVAk0I80diHfrvsvaTROmUU7wX/T5fA==",
      "dev": true,
      "requires": {
        "@microsoft/microsoft-graph-types": "2.26.0",
        "@pnp/core": "3.13.0",
        "@pnp/queryable": "3.13.0",
        "tslib": "2.4.1"
      }
    },
    "@pnp/logging": {
      "version": "3.13.0",
      "resolved": "https://registry.npmjs.org/@pnp/logging/-/logging-3.13.0.tgz",
      "integrity": "sha512-2H+cWBPeHvh5uFHfhBlkY1W990uM0xy9sTJ4u/P2Qpt1lLg9Pypdv8BQvG+F2dRWSYeFi6oOHkCypsNkWCQRuQ==",
      "dev": true,
      "requires": {
        "tslib": "2.4.1"
      }
    },
    "@pnp/nodejs": {
      "version": "3.13.0",
      "resolved": "https://registry.npmjs.org/@pnp/nodejs/-/nodejs-3.13.0.tgz",
      "integrity": "sha512-M0OA/6vSOUpLZiHJQdpcGJ4qwT5+wg3x/uCILwNj4WsqXQi5pebWB+sWhcDsXDwPQdWq+HaQXwGBxBHceQtvyw==",
      "dev": true,
      "requires": {
        "@azure/msal-node": "1.16.0",
        "@pnp/core": "3.13.0",
        "@pnp/graph": "3.13.0",
        "@pnp/logging": "3.13.0",
        "@pnp/queryable": "3.13.0",
        "@pnp/sp": "3.13.0",
        "node-fetch": "3.3.0",
        "tslib": "2.4.1"
      }
    },
    "@pnp/queryable": {
      "version": "3.13.0",
      "resolved": "https://registry.npmjs.org/@pnp/queryable/-/queryable-3.13.0.tgz",
      "integrity": "sha512-MxdWF+uYMzAP6o/9GHr4rVruLyvBmJ49T8O3hxKgsZfZyVOjk8ckMBTH3XSG+oK2ZnrLOpz0wsFk3Cgq2RVHrw==",
      "dev": true,
      "requires": {
        "@pnp/core": "3.13.0",
        "tslib": "2.4.1"
      }
    },
    "@pnp/sp": {
      "version": "3.13.0",
      "resolved": "https://registry.npmjs.org/@pnp/sp/-/sp-3.13.0.tgz",
      "integrity": "sha512-GYrBMxdhAiJd08XLMzydoyqCNlIL8kr3/C7wLHNfX0yliXSJvDk+EFX46fB35PXTnK9I1FEWx1Zs+DpC6t1Fgw==",
      "dev": true,
      "requires": {
        "@pnp/core": "3.13.0",
        "@pnp/queryable": "3.13.0",
        "tslib": "2.4.1"
      }
    },
    "buffer-equal-constant-time": {
      "version": "1.0.1",
      "resolved": "https://registry.npmjs.org/buffer-equal-constant-time/-/buffer-equal-constant-time-1.0.1.tgz",
      "integrity": "sha512-zRpUiDwd/xk6ADqPMATG8vc9VPrkck7T07OIx0gnjmJAnHnTVXNQG3vfvWNuiZIkwu9KrKdA1iJKfsfTVxE6NA==",
      "dev": true
    },
    "data-uri-to-buffer": {
      "version": "4.0.1",
      "resolved": "https://registry.npmjs.org/data-uri-to-buffer/-/data-uri-to-buffer-4.0.1.tgz",
      "integrity": "sha512-0R9ikRb668HB7QDxT1vkpuUBtqc53YyAwMwGeUFKRojY/NWKvdZ+9UYtRfGmhqNbRkTSVpMbmyhXipFFv2cb/A==",
      "dev": true
    },
    "ecdsa-sig-formatter": {
      "version": "1.0.11",
      "resolved": "https://registry.npmjs.org/ecdsa-sig-formatter/-/ecdsa-sig-formatter-1.0.11.tgz",
      "integrity": "sha512-nagl3RYrbNv6kQkeJIpt6NJZy8twLB/2vtz6yN9Z4vRKHN4/QZJIEbqohALSgwKdnksuY3k5Addp5lg8sVoVcQ==",
      "dev": true,
      "requires": {
        "safe-buffer": "^5.0.1"
      }
    },
    "fetch-blob": {
      "version": "3.2.0",
      "resolved": "https://registry.npmjs.org/fetch-blob/-/fetch-blob-3.2.0.tgz",
      "integrity": "sha512-7yAQpD2UMJzLi1Dqv7qFYnPbaPx7ZfFK6PiIxQ4PfkGPyNyl2Ugx+a/umUonmKqjhM4DnfbMvdX6otXq83soQQ==",
      "dev": true,
      "requires": {
        "node-domexception": "^1.0.0",
        "web-streams-polyfill": "^3.0.3"
      }
    },
    "formdata-polyfill": {
      "version": "4.0.10",
      "resolved": "https://registry.npmjs.org/formdata-polyfill/-/formdata-polyfill-4.0.10.tgz",
      "integrity": "sha512-buewHzMvYL29jdeQTVILecSaZKnt/RJWjoZCF5OW60Z67/GmSLBkOFM7qh1PI3zFNtJbaZL5eQu1vLfazOwj4g==",
      "dev": true,
      "requires": {
        "fetch-blob": "^3.1.2"
      }
    },
    "jsonwebtoken": {
      "version": "9.0.0",
      "resolved": "https://registry.npmjs.org/jsonwebtoken/-/jsonwebtoken-9.0.0.tgz",
      "integrity": "sha512-tuGfYXxkQGDPnLJ7SibiQgVgeDgfbPq2k2ICcbgqW8WxWLBAxKQM/ZCu/IT8SOSwmaYl4dpTFCW5xZv7YbbWUw==",
      "dev": true,
      "requires": {
        "jws": "^3.2.2",
        "lodash": "^4.17.21",
        "ms": "^2.1.1",
        "semver": "^7.3.8"
      }
    },
    "jwa": {
      "version": "1.4.1",
      "resolved": "https://registry.npmjs.org/jwa/-/jwa-1.4.1.tgz",
      "integrity": "sha512-qiLX/xhEEFKUAJ6FiBMbes3w9ATzyk5W7Hvzpa/SLYdxNtng+gcurvrI7TbACjIXlsJyr05/S1oUhZrc63evQA==",
      "dev": true,
      "requires": {
        "buffer-equal-constant-time": "1.0.1",
        "ecdsa-sig-formatter": "1.0.11",
        "safe-buffer": "^5.0.1"
      }
    },
    "jws": {
      "version": "3.2.2",
      "resolved": "https://registry.npmjs.org/jws/-/jws-3.2.2.tgz",
      "integrity": "sha512-YHlZCB6lMTllWDtSPHz/ZXTsi8S00usEV6v1tjq8tOUZzw7DpSDWVXjXDre6ed1w/pd495ODpHZYSdkRTsa0HA==",
      "dev": true,
      "requires": {
        "jwa": "^1.4.1",
        "safe-buffer": "^5.0.1"
      }
    },
    "lodash": {
      "version": "4.17.21",
      "resolved": "https://registry.npmjs.org/lodash/-/lodash-4.17.21.tgz",
      "integrity": "sha512-v2kDEe57lecTulaDIuNTPy3Ry4gLGJ6Z1O3vE1krgXZNrsQ+LFTGHVxVjcXPs17LhbZVGedAJv8XZ1tvj5FvSg==",
      "dev": true
    },
    "lru-cache": {
      "version": "6.0.0",
      "resolved": "https://registry.npmjs.org/lru-cache/-/lru-cache-6.0.0.tgz",
      "integrity": "sha512-Jo6dJ04CmSjuznwJSS3pUeWmd/H0ffTlkXXgwZi+eq1UCmqQwCh+eLsYOYCwY991i2Fah4h1BEMCx4qThGbsiA==",
      "dev": true,
      "requires": {
        "yallist": "^4.0.0"
      }
    },
    "ms": {
      "version": "2.1.3",
      "resolved": "https://registry.npmjs.org/ms/-/ms-2.1.3.tgz",
      "integrity": "sha512-6FlzubTLZG3J2a/NVCAleEhjzq5oxgHyaCU9yYXvcLsvoVaHJq/s5xXI6/XXP6tz7R9xAOtHnSO/tXtF3WRTlA==",
      "dev": true
    },
    "node-domexception": {
      "version": "1.0.0",
      "resolved": "https://registry.npmjs.org/node-domexception/-/node-domexception-1.0.0.tgz",
      "integrity": "sha512-/jKZoMpw0F8GRwl4/eLROPA3cfcXtLApP0QzLmUT/HuPCZWyB7IY9ZrMeKw2O/nFIqPQB3PVM9aYm0F312AXDQ==",
      "dev": true
    },
    "node-fetch": {
      "version": "3.3.0",
      "resolved": "https://registry.npmjs.org/node-fetch/-/node-fetch-3.3.0.tgz",
      "integrity": "sha512-BKwRP/O0UvoMKp7GNdwPlObhYGB5DQqwhEDQlNKuoqwVYSxkSZCSbHjnFFmUEtwSKRPU4kNK8PbDYYitwaE3QA==",
      "dev": true,
      "requires": {
        "data-uri-to-buffer": "^4.0.0",
        "fetch-blob": "^3.1.4",
        "formdata-polyfill": "^4.0.10"
      }
    },
    "safe-buffer": {
      "version": "5.2.1",
      "resolved": "https://registry.npmjs.org/safe-buffer/-/safe-buffer-5.2.1.tgz",
      "integrity": "sha512-rp3So07KcdmmKbGvgaNxQSJr7bGVSVk5S9Eq1F+ppbRo70+YeaDxkw5Dd8NPN+GD6bjnYm2VuPuCXmpuYvmCXQ==",
      "dev": true
    },
    "semver": {
      "version": "7.3.8",
      "resolved": "https://registry.npmjs.org/semver/-/semver-7.3.8.tgz",
      "integrity": "sha512-NB1ctGL5rlHrPJtFDVIVzTyQylMLu9N9VICA6HSFJo8MCGVTMW6gfpicwKmmK/dAjTOrqu5l63JJOpDSrAis3A==",
      "dev": true,
      "requires": {
        "lru-cache": "^6.0.0"
      }
    },
    "tslib": {
      "version": "2.4.1",
      "resolved": "https://registry.npmjs.org/tslib/-/tslib-2.4.1.tgz",
      "integrity": "sha512-tGyy4dAjRIEwI7BzsB0lynWgOpfqjUdq91XXAlIWD2OwKBH7oCl/GZG/HT4BOHrTlPMOASlMQ7veyTqpmRcrNA==",
      "dev": true
    },
    "uuid": {
      "version": "8.3.2",
      "resolved": "https://registry.npmjs.org/uuid/-/uuid-8.3.2.tgz",
      "integrity": "sha512-+NYs2QeMWy+GWFOEm9xnn6HCDp0l7QBD7ml8zLUmJ+93Q5NF0NocErnwkTkXVFNiX3/fpC6afS8Dhb/gz7R7eg==",
      "dev": true
    },
    "web-streams-polyfill": {
      "version": "3.2.1",
      "resolved": "https://registry.npmjs.org/web-streams-polyfill/-/web-streams-polyfill-3.2.1.tgz",
      "integrity": "sha512-e0MO3wdXWKrLbL0DgGnUV7WHVuw9OUvL4hjgnPkIeEvESk74gAITi5G606JtZPp39cd8HA9VQzCIvA49LpPN5Q==",
      "dev": true
    },
    "yallist": {
      "version": "4.0.0",
      "resolved": "https://registry.npmjs.org/yallist/-/yallist-4.0.0.tgz",
      "integrity": "sha512-3wdGidZyq5PB084XLES5TpOSRA3wjXAlIWMhum2kRcv/41Sn2emQ0dycQW4uZXLejwKvg6EsvbdlVL+FYEct7A==",
      "dev": true
    }
  }
}
